
Microsoft Visual Studio Solution File, Format Version 12.00
# Visual Studio Version 17
VisualStudioVersion = 17.6.33829.357
MinimumVisualStudioVersion = 10.0.40219.1
Project("{9A19103F-16F7-4668-BE54-9A1E7A4F7556}") = "STP.Server", "Server\STP.Server.csproj", "{D22B754A-F445-4E33-A53E-91750EB3C783}"
EndProject
Project("{9A19103F-16F7-4668-BE54-9A1E7A4F7556}") = "STP.Client", "Client\STP.Client.csproj", "{A5E0135E-F491-4E90-8594-E8BE67B0FD87}"
EndProject
Project("{9A19103F-16F7-4668-BE54-9A1E7A4F7556}") = "STP.Shared", "Shared\STP.Shared.csproj", "{1FA3E086-2A1A-4206-AAC7-7BAAD0D9D01B}"
EndProject
Global
	GlobalSection(SolutionConfigurationPlatforms) = preSolution
		Debug|Any CPU = Debug|Any CPU
		Release|Any CPU = Release|Any CPU
	EndGlobalSection
	GlobalSection(ProjectConfigurationPlatforms) = postSolution
		{D22B754A-F445-4E33-A53E-91750EB3C783}.Debug|Any CPU.ActiveCfg = Debug|Any CPU
		{D22B754A-F445-4E33-A53E-91750EB3C783}.Debug|Any CPU.Build.0 = Debug|Any CPU
		{D22B754A-F445-4E33-A53E-91750EB3C783}.Release|Any CPU.ActiveCfg = Release|Any CPU
		{D22B754A-F445-4E33-A53E-91750EB3C783}.Release|Any CPU.Build.0 = Release|Any CPU
		{A5E0135E-F491-4E90-8594-E8BE67B0FD87}.Debug|Any CPU.ActiveCfg = Debug|Any CPU
		{A5E0135E-F491-4E90-8594-E8BE67B0FD87}.Debug|Any CPU.Build.0 = Debug|Any CPU
		{A5E0135E-F491-4E90-8594-E8BE67B0FD87}.Release|Any CPU.ActiveCfg = Release|Any CPU
		{A5E0135E-F491-4E90-8594-E8BE67B0FD87}.Release|Any CPU.Build.0 = Release|Any CPU
		{1FA3E086-2A1A-4206-AAC7-7BAAD0D9D01B}.Debug|Any CPU.ActiveCfg = Debug|Any CPU
		{1FA3E086-2A1A-4206-AAC7-7BAAD0D9D01B}.Debug|Any CPU.Build.0 = Debug|Any CPU
		{1FA3E086-2A1A-4206-AAC7-7BAAD0D9D01B}.Release|Any CPU.ActiveCfg = Release|Any CPU
		{1FA3E086-2A1A-4206-AAC7-7BAAD0D9D01B}.Release|Any CPU.Build.0 = Release|Any CPU
	EndGlobalSection
	GlobalSection(SolutionProperties) = preSolution
		HideSolutionNode = FALSE
	EndGlobalSection
	GlobalSection(ExtensibilityGlobals) = postSolution
		SolutionGuid = {6D82F224-617D-4236-A614-BDD9D61F3F49}
	EndGlobalSection
EndGlobal
